
Microsoft Visual Studio Solution File, Format Version 12.00
# Visual Studio Version 17
VisualStudioVersion = 17.7.34302.85
MinimumVisualStudioVersion = 10.0.40219.1
Project("{9A19103F-16F7-4668-BE54-9A1E7A4F7556}") = "SportStyle-Oasis", "SportStyle-Oasis\SportStyle-Oasis.csproj", "{39236DAA-A344-4B72-B30D-47FDC69DB737}"
EndProject
Project("{2150E333-8FDC-42A3-9474-1A3956D46DE8}") = "Web", "Web", "{287F6CA2-3FD9-4E8F-8695-ACC8CDD6F4BD}"
EndProject
Project("{2150E333-8FDC-42A3-9474-1A3956D46DE8}") = "Data", "Data", "{54C6E12B-5979-4036-BEE8-CF398B195F76}"
EndProject
Project("{FAE04EC0-301F-11D3-BF4B-00C04F79EFBC}") = "SportStyle-Oasis.Data", "SportStyle-Oasis.Data\SportStyle-Oasis.Data.csproj", "{0358DB22-88AD-4866-B240-5F356741AD72}"
EndProject
Project("{FAE04EC0-301F-11D3-BF4B-00C04F79EFBC}") = "SportStyle-Oasis.Data.Models", "SportStyle-Oasis.Data.Models\SportStyle-Oasis.Data.Models.csproj", "{8C025585-2A92-4B6F-8D95-74420DA5B534}"
EndProject
Global
	GlobalSection(SolutionConfigurationPlatforms) = preSolution
		Debug|Any CPU = Debug|Any CPU
		Release|Any CPU = Release|Any CPU
	EndGlobalSection
	GlobalSection(ProjectConfigurationPlatforms) = postSolution
		{39236DAA-A344-4B72-B30D-47FDC69DB737}.Debug|Any CPU.ActiveCfg = Debug|Any CPU
		{39236DAA-A344-4B72-B30D-47FDC69DB737}.Debug|Any CPU.Build.0 = Debug|Any CPU
		{39236DAA-A344-4B72-B30D-47FDC69DB737}.Release|Any CPU.ActiveCfg = Release|Any CPU
		{39236DAA-A344-4B72-B30D-47FDC69DB737}.Release|Any CPU.Build.0 = Release|Any CPU
		{0358DB22-88AD-4866-B240-5F356741AD72}.Debug|Any CPU.ActiveCfg = Debug|Any CPU
		{0358DB22-88AD-4866-B240-5F356741AD72}.Debug|Any CPU.Build.0 = Debug|Any CPU
		{0358DB22-88AD-4866-B240-5F356741AD72}.Release|Any CPU.ActiveCfg = Release|Any CPU
		{0358DB22-88AD-4866-B240-5F356741AD72}.Release|Any CPU.Build.0 = Release|Any CPU
		{8C025585-2A92-4B6F-8D95-74420DA5B534}.Debug|Any CPU.ActiveCfg = Debug|Any CPU
		{8C025585-2A92-4B6F-8D95-74420DA5B534}.Debug|Any CPU.Build.0 = Debug|Any CPU
		{8C025585-2A92-4B6F-8D95-74420DA5B534}.Release|Any CPU.ActiveCfg = Release|Any CPU
		{8C025585-2A92-4B6F-8D95-74420DA5B534}.Release|Any CPU.Build.0 = Release|Any CPU
	EndGlobalSection
	GlobalSection(SolutionProperties) = preSolution
		HideSolutionNode = FALSE
	EndGlobalSection
	GlobalSection(NestedProjects) = preSolution
		{39236DAA-A344-4B72-B30D-47FDC69DB737} = {287F6CA2-3FD9-4E8F-8695-ACC8CDD6F4BD}
		{0358DB22-88AD-4866-B240-5F356741AD72} = {54C6E12B-5979-4036-BEE8-CF398B195F76}
		{8C025585-2A92-4B6F-8D95-74420DA5B534} = {54C6E12B-5979-4036-BEE8-CF398B195F76}
	EndGlobalSection
	GlobalSection(ExtensibilityGlobals) = postSolution
		SolutionGuid = {8BCD17E5-5A4B-4E80-B272-D3DBE6589D67}
	EndGlobalSection
EndGlobal
